
Microsoft Visual Studio Solution File, Format Version 12.00
# Visual Studio Version 17
VisualStudioVersion = 17.5.002.0
MinimumVisualStudioVersion = 10.0.40219.1
Project("{9A19103F-16F7-4668-BE54-9A1E7A4F7556}") = "CertificateGenerate", "CertificateGenerate.csproj", "{0F81A6BF-511B-4019-A0F0-CF9DA6873713}"
EndProject
Global
	GlobalSection(SolutionConfigurationPlatforms) = preSolution
		Debug|Any CPU = Debug|Any CPU
		Release|Any CPU = Release|Any CPU
	EndGlobalSection
	GlobalSection(ProjectConfigurationPlatforms) = postSolution
		{0F81A6BF-511B-4019-A0F0-CF9DA6873713}.Debug|Any CPU.ActiveCfg = Debug|Any CPU
		{0F81A6BF-511B-4019-A0F0-CF9DA6873713}.Debug|Any CPU.Build.0 = Debug|Any CPU
		{0F81A6BF-511B-4019-A0F0-CF9DA6873713}.Release|Any CPU.ActiveCfg = Release|Any CPU
		{0F81A6BF-511B-4019-A0F0-CF9DA6873713}.Release|Any CPU.Build.0 = Release|Any CPU
	EndGlobalSection
	GlobalSection(SolutionProperties) = preSolution
		HideSolutionNode = FALSE
	EndGlobalSection
	GlobalSection(ExtensibilityGlobals) = postSolution
		SolutionGuid = {19AE6686-3C0A-4925-8C77-C302925DE53C}
	EndGlobalSection
EndGlobal
